
Microsoft Visual Studio Solution File, Format Version 12.00
# Visual Studio 14
VisualStudioVersion = 14.0.25420.1
MinimumVisualStudioVersion = 10.0.40219.1
Project("{FAE04EC0-301F-11D3-BF4B-00C04F79EFBC}") = "AdWebApp", "AdWebApp\AdWebApp.csproj", "{1190179C-F451-4A8C-B52D-514822A205D4}"
EndProject
Project("{FAE04EC0-301F-11D3-BF4B-00C04F79EFBC}") = "AdApp.DAL", "AdApp.DAL\AdApp.DAL.csproj", "{63003314-2EDF-42FB-BADF-3A303F27ADE5}"
EndProject
Project("{FAE04EC0-301F-11D3-BF4B-00C04F79EFBC}") = "AdApp.BLL", "AdApp.BLL\AdApp.BLL.csproj", "{4EA959DB-D2D8-4A29-A2B0-9807136D9683}"
EndProject
Global
	GlobalSection(SolutionConfigurationPlatforms) = preSolution
		Debug|Any CPU = Debug|Any CPU
		Release|Any CPU = Release|Any CPU
	EndGlobalSection
	GlobalSection(ProjectConfigurationPlatforms) = postSolution
		{1190179C-F451-4A8C-B52D-514822A205D4}.Debug|Any CPU.ActiveCfg = Debug|Any CPU
		{1190179C-F451-4A8C-B52D-514822A205D4}.Debug|Any CPU.Build.0 = Debug|Any CPU
		{1190179C-F451-4A8C-B52D-514822A205D4}.Release|Any CPU.ActiveCfg = Release|Any CPU
		{1190179C-F451-4A8C-B52D-514822A205D4}.Release|Any CPU.Build.0 = Release|Any CPU
		{63003314-2EDF-42FB-BADF-3A303F27ADE5}.Debug|Any CPU.ActiveCfg = Debug|Any CPU
		{63003314-2EDF-42FB-BADF-3A303F27ADE5}.Debug|Any CPU.Build.0 = Debug|Any CPU
		{63003314-2EDF-42FB-BADF-3A303F27ADE5}.Release|Any CPU.ActiveCfg = Release|Any CPU
		{63003314-2EDF-42FB-BADF-3A303F27ADE5}.Release|Any CPU.Build.0 = Release|Any CPU
		{4EA959DB-D2D8-4A29-A2B0-9807136D9683}.Debug|Any CPU.ActiveCfg = Debug|Any CPU
		{4EA959DB-D2D8-4A29-A2B0-9807136D9683}.Debug|Any CPU.Build.0 = Debug|Any CPU
		{4EA959DB-D2D8-4A29-A2B0-9807136D9683}.Release|Any CPU.ActiveCfg = Release|Any CPU
		{4EA959DB-D2D8-4A29-A2B0-9807136D9683}.Release|Any CPU.Build.0 = Release|Any CPU
	EndGlobalSection
	GlobalSection(SolutionProperties) = preSolution
		HideSolutionNode = FALSE
	EndGlobalSection
EndGlobal
